// !$*UTF8*$!
{
	archiveVersion = 1;
	classes = {
	};
	objectVersion = 77;
	objects = {

/* Begin PBXContainerItemProxy section */
		468D93F52D31F1A700D4B3A1 /* PBXContainerItemProxy */ = {
			isa = PBXContainerItemProxy;
			containerPortal = 468D93DC2D31F1A400D4B3A1 /* Project object */;
			proxyType = 1;
			remoteGlobalIDString = 468D93E32D31F1A400D4B3A1;
			remoteInfo = NureSchedual;
		};
		468D93FF2D31F1A700D4B3A1 /* PBXContainerItemProxy */ = {
			isa = PBXContainerItemProxy;
			containerPortal = 468D93DC2D31F1A400D4B3A1 /* Project object */;
			proxyType = 1;
			remoteGlobalIDString = 468D93E32D31F1A400D4B3A1;
			remoteInfo = NureSchedual;
		};
/* End PBXContainerItemProxy section */

/* Begin PBXCopyFilesBuildPhase section */
		46E926CF2D4EF10E0054ABC5 /* Embed Frameworks */ = {
			isa = PBXCopyFilesBuildPhase;
			buildActionMask = 2147483647;
			dstPath = "";
			dstSubfolderSpec = 10;
			files = (
			);
			name = "Embed Frameworks";
			runOnlyForDeploymentPostprocessing = 0;
		};
/* End PBXCopyFilesBuildPhase section */

/* Begin PBXFileReference section */
		468D93E42D31F1A400D4B3A1 /* NureSchedual.app */ = {isa = PBXFileReference; explicitFileType = wrapper.application; includeInIndex = 0; path = NureSchedual.app; sourceTree = BUILT_PRODUCTS_DIR; };
		468D93F42D31F1A700D4B3A1 /* NureSchedualTests.xctest */ = {isa = PBXFileReference; explicitFileType = wrapper.cfbundle; includeInIndex = 0; path = NureSchedualTests.xctest; sourceTree = BUILT_PRODUCTS_DIR; };
		468D93FE2D31F1A700D4B3A1 /* NureSchedualUITests.xctest */ = {isa = PBXFileReference; explicitFileType = wrapper.cfbundle; includeInIndex = 0; path = NureSchedualUITests.xctest; sourceTree = BUILT_PRODUCTS_DIR; };
/* End PBXFileReference section */

/* Begin PBXFileSystemSynchronizedBuildFileExceptionSet section */
		468D946F2D346FFC00D4B3A1 /* Exceptions for "NureSchedual" folder in "NureSchedual" target */ = {
			isa = PBXFileSystemSynchronizedBuildFileExceptionSet;
			membershipExceptions = (
				Info.plist,
			);
			target = 468D93E32D31F1A400D4B3A1 /* NureSchedual */;
		};
/* End PBXFileSystemSynchronizedBuildFileExceptionSet section */

/* Begin PBXFileSystemSynchronizedRootGroup section */
		468D93E62D31F1A400D4B3A1 /* NureSchedual */ = {
			isa = PBXFileSystemSynchronizedRootGroup;
			exceptions = (
				468D946F2D346FFC00D4B3A1 /* Exceptions for "NureSchedual" folder in "NureSchedual" target */,
			);
			path = NureSchedual;
			sourceTree = "<group>";
		};
		468D93F72D31F1A700D4B3A1 /* NureSchedualTests */ = {
			isa = PBXFileSystemSynchronizedRootGroup;
			path = NureSchedualTests;
			sourceTree = "<group>";
		};
		468D94012D31F1A700D4B3A1 /* NureSchedualUITests */ = {
			isa = PBXFileSystemSynchronizedRootGroup;
			path = NureSchedualUITests;
			sourceTree = "<group>";
		};
/* End PBXFileSystemSynchronizedRootGroup section */

/* Begin PBXFrameworksBuildPhase section */
		468D93E12D31F1A400D4B3A1 /* Frameworks */ = {
			isa = PBXFrameworksBuildPhase;
			buildActionMask = 2147483647;
			files = (
			);
			runOnlyForDeploymentPostprocessing = 0;
		};
		468D93F12D31F1A700D4B3A1 /* Frameworks */ = {
			isa = PBXFrameworksBuildPhase;
			buildActionMask = 2147483647;
			files = (
			);
			runOnlyForDeploymentPostprocessing = 0;
		};
		468D93FB2D31F1A700D4B3A1 /* Frameworks */ = {
			isa = PBXFrameworksBuildPhase;
			buildActionMask = 2147483647;
			files = (
			);
			runOnlyForDeploymentPostprocessing = 0;
		};
/* End PBXFrameworksBuildPhase section */

/* Begin PBXGroup section */
		468D93DB2D31F1A400D4B3A1 = {
			isa = PBXGroup;
			children = (
				468D93E62D31F1A400D4B3A1 /* NureSchedual */,
				468D93F72D31F1A700D4B3A1 /* NureSchedualTests */,
				468D94012D31F1A700D4B3A1 /* NureSchedualUITests */,
				46E926C92D4EF10E0054ABC5 /* Frameworks */,
				468D93E52D31F1A400D4B3A1 /* Products */,
			);
			sourceTree = "<group>";
		};
		468D93E52D31F1A400D4B3A1 /* Products */ = {
			isa = PBXGroup;
			children = (
				468D93E42D31F1A400D4B3A1 /* NureSchedual.app */,
				468D93F42D31F1A700D4B3A1 /* NureSchedualTests.xctest */,
				468D93FE2D31F1A700D4B3A1 /* NureSchedualUITests.xctest */,
			);
			name = Products;
			sourceTree = "<group>";
		};
		46E926C92D4EF10E0054ABC5 /* Frameworks */ = {
			isa = PBXGroup;
			children = (
			);
			name = Frameworks;
			sourceTree = "<group>";
		};
/* End PBXGroup section */

/* Begin PBXNativeTarget section */
		468D93E32D31F1A400D4B3A1 /* NureSchedual */ = {
			isa = PBXNativeTarget;
			buildConfigurationList = 468D94082D31F1A700D4B3A1 /* Build configuration list for PBXNativeTarget "NureSchedual" */;
			buildPhases = (
				468D93E02D31F1A400D4B3A1 /* Sources */,
				468D93E12D31F1A400D4B3A1 /* Frameworks */,
				468D93E22D31F1A400D4B3A1 /* Resources */,
				46E926CF2D4EF10E0054ABC5 /* Embed Frameworks */,
			);
			buildRules = (
			);
			dependencies = (
			);
			fileSystemSynchronizedGroups = (
				468D93E62D31F1A400D4B3A1 /* NureSchedual */,
			);
			name = NureSchedual;
			packageProductDependencies = (
			);
			productName = NureSchedual;
			productReference = 468D93E42D31F1A400D4B3A1 /* NureSchedual.app */;
			productType = "com.apple.product-type.application";
		};
		468D93F32D31F1A700D4B3A1 /* NureSchedualTests */ = {
			isa = PBXNativeTarget;
			buildConfigurationList = 468D940B2D31F1A700D4B3A1 /* Build configuration list for PBXNativeTarget "NureSchedualTests" */;
			buildPhases = (
				468D93F02D31F1A700D4B3A1 /* Sources */,
				468D93F12D31F1A700D4B3A1 /* Frameworks */,
				468D93F22D31F1A700D4B3A1 /* Resources */,
			);
			buildRules = (
			);
			dependencies = (
				468D93F62D31F1A700D4B3A1 /* PBXTargetDependency */,
			);
			fileSystemSynchronizedGroups = (
				468D93F72D31F1A700D4B3A1 /* NureSchedualTests */,
			);
			name = NureSchedualTests;
			packageProductDependencies = (
			);
			productName = NureSchedualTests;
			productReference = 468D93F42D31F1A700D4B3A1 /* NureSchedualTests.xctest */;
			productType = "com.apple.product-type.bundle.unit-test";
		};
		468D93FD2D31F1A700D4B3A1 /* NureSchedualUITests */ = {
			isa = PBXNativeTarget;
			buildConfigurationList = 468D940E2D31F1A700D4B3A1 /* Build configuration list for PBXNativeTarget "NureSchedualUITests" */;
			buildPhases = (
				468D93FA2D31F1A700D4B3A1 /* Sources */,
				468D93FB2D31F1A700D4B3A1 /* Frameworks */,
				468D93FC2D31F1A700D4B3A1 /* Resources */,
			);
			buildRules = (
			);
			dependencies = (
				468D94002D31F1A700D4B3A1 /* PBXTargetDependency */,
			);
			fileSystemSynchronizedGroups = (
				468D94012D31F1A700D4B3A1 /* NureSchedualUITests */,
			);
			name = NureSchedualUITests;
			packageProductDependencies = (
			);
			productName = NureSchedualUITests;
			productReference = 468D93FE2D31F1A700D4B3A1 /* NureSchedualUITests.xctest */;
			productType = "com.apple.product-type.bundle.ui-testing";
		};
/* End PBXNativeTarget section */

/* Begin PBXProject section */
		468D93DC2D31F1A400D4B3A1 /* Project object */ = {
			isa = PBXProject;
			attributes = {
				BuildIndependentTargetsInParallel = 1;
				LastSwiftUpdateCheck = 1620;
				LastUpgradeCheck = 1620;
				TargetAttributes = {
					468D93E32D31F1A400D4B3A1 = {
						CreatedOnToolsVersion = 16.2;
					};
					468D93F32D31F1A700D4B3A1 = {
						CreatedOnToolsVersion = 16.2;
						TestTargetID = 468D93E32D31F1A400D4B3A1;
					};
					468D93FD2D31F1A700D4B3A1 = {
						CreatedOnToolsVersion = 16.2;
						TestTargetID = 468D93E32D31F1A400D4B3A1;
					};
				};
			};
			buildConfigurationList = 468D93DF2D31F1A400D4B3A1 /* Build configuration list for PBXProject "NureSchedual" */;
			developmentRegion = en;
			hasScannedForEncodings = 0;
			knownRegions = (
				en,
				Base,
			);
			mainGroup = 468D93DB2D31F1A400D4B3A1;
			minimizedProjectReferenceProxies = 1;
			packageReferences = (
			);
			preferredProjectObjectVersion = 77;
			productRefGroup = 468D93E52D31F1A400D4B3A1 /* Products */;
			projectDirPath = "";
			projectRoot = "";
			targets = (
				468D93E32D31F1A400D4B3A1 /* NureSchedual */,
				468D93F32D31F1A700D4B3A1 /* NureSchedualTests */,
				468D93FD2D31F1A700D4B3A1 /* NureSchedualUITests */,
			);
		};
/* End PBXProject section */

/* Begin PBXResourcesBuildPhase section */
		468D93E22D31F1A400D4B3A1 /* Resources */ = {
			isa = PBXResourcesBuildPhase;
			buildActionMask = 2147483647;
			files = (
			);
			runOnlyForDeploymentPostprocessing = 0;
		};
		468D93F22D31F1A700D4B3A1 /* Resources */ = {
			isa = PBXResourcesBuildPhase;
			buildActionMask = 2147483647;
			files = (
			);
			runOnlyForDeploymentPostprocessing = 0;
		};
		468D93FC2D31F1A700D4B3A1 /* Resources */ = {
			isa = PBXResourcesBuildPhase;
			buildActionMask = 2147483647;
			files = (
			);
			runOnlyForDeploymentPostprocessing = 0;
		};
/* End PBXResourcesBuildPhase section */

/* Begin PBXSourcesBuildPhase section */
		468D93E02D31F1A400D4B3A1 /* Sources */ = {
			isa = PBXSourcesBuildPhase;
			buildActionMask = 2147483647;
			files = (
			);
			runOnlyForDeploymentPostprocessing = 0;
		};
		468D93F02D31F1A700D4B3A1 /* Sources */ = {
			isa = PBXSourcesBuildPhase;
			buildActionMask = 2147483647;
			files = (
			);
			runOnlyForDeploymentPostprocessing = 0;
		};
		468D93FA2D31F1A700D4B3A1 /* Sources */ = {
			isa = PBXSourcesBuildPhase;
			buildActionMask = 2147483647;
			files = (
			);
			runOnlyForDeploymentPostprocessing = 0;
		};
/* End PBXSourcesBuildPhase section */

/* Begin PBXTargetDependency section */
		468D93F62D31F1A700D4B3A1 /* PBXTargetDependency */ = {
			isa = PBXTargetDependency;
			target = 468D93E32D31F1A400D4B3A1 /* NureSchedual */;
			targetProxy = 468D93F52D31F1A700D4B3A1 /* PBXContainerItemProxy */;
		};
		468D94002D31F1A700D4B3A1 /* PBXTargetDependency */ = {
			isa = PBXTargetDependency;
			target = 468D93E32D31F1A400D4B3A1 /* NureSchedual */;
			targetProxy = 468D93FF2D31F1A700D4B3A1 /* PBXContainerItemProxy */;
		};
/* End PBXTargetDependency section */

/* Begin XCBuildConfiguration section */
		468D94062D31F1A700D4B3A1 /* Debug */ = {
			isa = XCBuildConfiguration;
			buildSettings = {
				ALWAYS_SEARCH_USER_PATHS = NO;
				ASSETCATALOG_COMPILER_GENERATE_SWIFT_ASSET_SYMBOL_EXTENSIONS = YES;
				CLANG_ANALYZER_NONNULL = YES;
				CLANG_ANALYZER_NUMBER_OBJECT_CONVERSION = YES_AGGRESSIVE;
				CLANG_CXX_LANGUAGE_STANDARD = "gnu++20";
				CLANG_ENABLE_MODULES = YES;
				CLANG_ENABLE_OBJC_ARC = YES;
				CLANG_ENABLE_OBJC_WEAK = YES;
				CLANG_WARN_BLOCK_CAPTURE_AUTORELEASING = YES;
				CLANG_WARN_BOOL_CONVERSION = YES;
				CLANG_WARN_COMMA = YES;
				CLANG_WARN_CONSTANT_CONVERSION = YES;
				CLANG_WARN_DEPRECATED_OBJC_IMPLEMENTATIONS = YES;
				CLANG_WARN_DIRECT_OBJC_ISA_USAGE = YES_ERROR;
				CLANG_WARN_DOCUMENTATION_COMMENTS = YES;
				CLANG_WARN_EMPTY_BODY = YES;
				CLANG_WARN_ENUM_CONVERSION = YES;
				CLANG_WARN_INFINITE_RECURSION = YES;
				CLANG_WARN_INT_CONVERSION = YES;
				CLANG_WARN_NON_LITERAL_NULL_CONVERSION = YES;
				CLANG_WARN_OBJC_IMPLICIT_RETAIN_SELF = YES;
				CLANG_WARN_OBJC_LITERAL_CONVERSION = YES;
				CLANG_WARN_OBJC_ROOT_CLASS = YES_ERROR;
				CLANG_WARN_QUOTED_INCLUDE_IN_FRAMEWORK_HEADER = YES;
				CLANG_WARN_RANGE_LOOP_ANALYSIS = YES;
				CLANG_WARN_STRICT_PROTOTYPES = YES;
				CLANG_WARN_SUSPICIOUS_MOVE = YES;
				CLANG_WARN_UNGUARDED_AVAILABILITY = YES_AGGRESSIVE;
				CLANG_WARN_UNREACHABLE_CODE = YES;
				CLANG_WARN__DUPLICATE_METHOD_MATCH = YES;
				COPY_PHASE_STRIP = NO;
				DEBUG_INFORMATION_FORMAT = dwarf;
				ENABLE_STRICT_OBJC_MSGSEND = YES;
				ENABLE_TESTABILITY = YES;
				ENABLE_USER_SCRIPT_SANDBOXING = YES;
				GCC_C_LANGUAGE_STANDARD = gnu17;
				GCC_DYNAMIC_NO_PIC = NO;
				GCC_NO_COMMON_BLOCKS = YES;
				GCC_OPTIMIZATION_LEVEL = 0;
				GCC_PREPROCESSOR_DEFINITIONS = (
					"DEBUG=1",
					"$(inherited)",
				);
				GCC_WARN_64_TO_32_BIT_CONVERSION = YES;
				GCC_WARN_ABOUT_RETURN_TYPE = YES_ERROR;
				GCC_WARN_UNDECLARED_SELECTOR = YES;
				GCC_WARN_UNINITIALIZED_AUTOS = YES_AGGRESSIVE;
				GCC_WARN_UNUSED_FUNCTION = YES;
				GCC_WARN_UNUSED_VARIABLE = YES;
				IPHONEOS_DEPLOYMENT_TARGET = 18.2;
				LOCALIZATION_PREFERS_STRING_CATALOGS = YES;
				MTL_ENABLE_DEBUG_INFO = INCLUDE_SOURCE;
				MTL_FAST_MATH = YES;
				ONLY_ACTIVE_ARCH = YES;
				SDKROOT = iphoneos;
				SWIFT_ACTIVE_COMPILATION_CONDITIONS = "DEBUG $(inherited)";
				SWIFT_OPTIMIZATION_LEVEL = "-Onone";
			};
			name = Debug;
		};
		468D94072D31F1A700D4B3A1 /* Release */ = {
			isa = XCBuildConfiguration;
			buildSettings = {
				ALWAYS_SEARCH_USER_PATHS = NO;
				ASSETCATALOG_COMPILER_GENERATE_SWIFT_ASSET_SYMBOL_EXTENSIONS = YES;
				CLANG_ANALYZER_NONNULL = YES;
				CLANG_ANALYZER_NUMBER_OBJECT_CONVERSION = YES_AGGRESSIVE;
				CLANG_CXX_LANGUAGE_STANDARD = "gnu++20";
				CLANG_ENABLE_MODULES = YES;
				CLANG_ENABLE_OBJC_ARC = YES;
				CLANG_ENABLE_OBJC_WEAK = YES;
				CLANG_WARN_BLOCK_CAPTURE_AUTORELEASING = YES;
				CLANG_WARN_BOOL_CONVERSION = YES;
				CLANG_WARN_COMMA = YES;
				CLANG_WARN_CONSTANT_CONVERSION = YES;
				CLANG_WARN_DEPRECATED_OBJC_IMPLEMENTATIONS = YES;
				CLANG_WARN_DIRECT_OBJC_ISA_USAGE = YES_ERROR;
				CLANG_WARN_DOCUMENTATION_COMMENTS = YES;
				CLANG_WARN_EMPTY_BODY = YES;
				CLANG_WARN_ENUM_CONVERSION = YES;
				CLANG_WARN_INFINITE_RECURSION = YES;
				CLANG_WARN_INT_CONVERSION = YES;
				CLANG_WARN_NON_LITERAL_NULL_CONVERSION = YES;
				CLANG_WARN_OBJC_IMPLICIT_RETAIN_SELF = YES;
				CLANG_WARN_OBJC_LITERAL_CONVERSION = YES;
				CLANG_WARN_OBJC_ROOT_CLASS = YES_ERROR;
				CLANG_WARN_QUOTED_INCLUDE_IN_FRAMEWORK_HEADER = YES;
				CLANG_WARN_RANGE_LOOP_ANALYSIS = YES;
				CLANG_WARN_STRICT_PROTOTYPES = YES;
				CLANG_WARN_SUSPICIOUS_MOVE = YES;
				CLANG_WARN_UNGUARDED_AVAILABILITY = YES_AGGRESSIVE;
				CLANG_WARN_UNREACHABLE_CODE = YES;
				CLANG_WARN__DUPLICATE_METHOD_MATCH = YES;
				COPY_PHASE_STRIP = NO;
				DEBUG_INFORMATION_FORMAT = "dwarf-with-dsym";
				ENABLE_NS_ASSERTIONS = NO;
				ENABLE_STRICT_OBJC_MSGSEND = YES;
				ENABLE_USER_SCRIPT_SANDBOXING = YES;
				GCC_C_LANGUAGE_STANDARD = gnu17;
				GCC_NO_COMMON_BLOCKS = YES;
				GCC_WARN_64_TO_32_BIT_CONVERSION = YES;
				GCC_WARN_ABOUT_RETURN_TYPE = YES_ERROR;
				GCC_WARN_UNDECLARED_SELECTOR = YES;
				GCC_WARN_UNINITIALIZED_AUTOS = YES_AGGRESSIVE;
				GCC_WARN_UNUSED_FUNCTION = YES;
				GCC_WARN_UNUSED_VARIABLE = YES;
				IPHONEOS_DEPLOYMENT_TARGET = 18.2;
				LOCALIZATION_PREFERS_STRING_CATALOGS = YES;
				MTL_ENABLE_DEBUG_INFO = NO;
				MTL_FAST_MATH = YES;
				SDKROOT = iphoneos;
				SWIFT_COMPILATION_MODE = wholemodule;
				VALIDATE_PRODUCT = YES;
			};
			name = Release;
		};
		468D94092D31F1A700D4B3A1 /* Debug */ = {
			isa = XCBuildConfiguration;
			buildSettings = {
				ASSETCATALOG_COMPILER_APPICON_NAME = AppIcon;
				ASSETCATALOG_COMPILER_GLOBAL_ACCENT_COLOR_NAME = AccentColor;
				CODE_SIGN_IDENTITY = "Apple Development";
				CODE_SIGN_STYLE = Automatic;
				CURRENT_PROJECT_VERSION = 1;
				DEVELOPMENT_ASSET_PATHS = "\"NureSchedual/Preview Content\"";
				DEVELOPMENT_TEAM = 33544S287Q;
				ENABLE_PREVIEWS = YES;
				GENERATE_INFOPLIST_FILE = YES;
				INFOPLIST_FILE = NureSchedual/Info.plist;
				INFOPLIST_KEY_UIApplicationSceneManifest_Generation = YES;
				INFOPLIST_KEY_UIApplicationSupportsIndirectInputEvents = YES;
				INFOPLIST_KEY_UILaunchScreen_Generation = YES;
				INFOPLIST_KEY_UISupportedInterfaceOrientations_iPad = "UIInterfaceOrientationPortrait UIInterfaceOrientationPortraitUpsideDown UIInterfaceOrientationLandscapeLeft UIInterfaceOrientationLandscapeRight";
				INFOPLIST_KEY_UISupportedInterfaceOrientations_iPhone = "UIInterfaceOrientationPortrait UIInterfaceOrientationLandscapeLeft UIInterfaceOrientationLandscapeRight";
				LD_RUNPATH_SEARCH_PATHS = (
					"$(inherited)",
					"@executable_path/Frameworks",
				);
				MARKETING_VERSION = 1.0;
				PRODUCT_BUNDLE_IDENTIFIER = "KV-corporation.NureSchedual";
				PRODUCT_NAME = "$(TARGET_NAME)";
				PROVISIONING_PROFILE_SPECIFIER = "";
				SWIFT_EMIT_LOC_STRINGS = YES;
				SWIFT_VERSION = 5.0;
				TARGETED_DEVICE_FAMILY = "1,2";
			};
			name = Debug;
		};
		468D940A2D31F1A700D4B3A1 /* Release */ = {
			isa = XCBuildConfiguration;
			buildSettings = {
				ASSETCATALOG_COMPILER_APPICON_NAME = AppIcon;
				ASSETCATALOG_COMPILER_GLOBAL_ACCENT_COLOR_NAME = AccentColor;
				CODE_SIGN_IDENTITY = "Apple Development";
				CODE_SIGN_STYLE = Automatic;
				CURRENT_PROJECT_VERSION = 1;
				DEVELOPMENT_ASSET_PATHS = "\"NureSchedual/Preview Content\"";
				DEVELOPMENT_TEAM = 33544S287Q;
				ENABLE_PREVIEWS = YES;
				GENERATE_INFOPLIST_FILE = YES;
				INFOPLIST_FILE = NureSchedual/Info.plist;
				INFOPLIST_KEY_UIApplicationSceneManifest_Generation = YES;
				INFOPLIST_KEY_UIApplicationSupportsIndirectInputEvents = YES;
				INFOPLIST_KEY_UILaunchScreen_Generation = YES;
				INFOPLIST_KEY_UISupportedInterfaceOrientations_iPad = "UIInterfaceOrientationPortrait UIInterfaceOrientationPortraitUpsideDown UIInterfaceOrientationLandscapeLeft UIInterfaceOrientationLandscapeRight";
				INFOPLIST_KEY_UISupportedInterfaceOrientations_iPhone = "UIInterfaceOrientationPortrait UIInterfaceOrientationLandscapeLeft UIInterfaceOrientationLandscapeRight";
				LD_RUNPATH_SEARCH_PATHS = (
					"$(inherited)",
					"@executable_path/Frameworks",
				);
				MARKETING_VERSION = 1.0;
				PRODUCT_BUNDLE_IDENTIFIER = "KV-corporation.NureSchedual";
				PRODUCT_NAME = "$(TARGET_NAME)";
				PROVISIONING_PROFILE_SPECIFIER = "";
				SWIFT_EMIT_LOC_STRINGS = YES;
				SWIFT_VERSION = 5.0;
				TARGETED_DEVICE_FAMILY = "1,2";
			};
			name = Release;
		};
		468D940C2D31F1A700D4B3A1 /* Debug */ = {
			isa = XCBuildConfiguration;
			buildSettings = {
				BUNDLE_LOADER = "$(TEST_HOST)";
				CODE_SIGN_STYLE = Automatic;
				CURRENT_PROJECT_VERSION = 1;
				DEVELOPMENT_TEAM = 33544S287Q;
				GENERATE_INFOPLIST_FILE = YES;
				IPHONEOS_DEPLOYMENT_TARGET = 18.2;
				MARKETING_VERSION = 1.0;
				PRODUCT_BUNDLE_IDENTIFIER = "KV-corporation.NureSchedualTests";
				PRODUCT_NAME = "$(TARGET_NAME)";
				SWIFT_EMIT_LOC_STRINGS = NO;
				SWIFT_VERSION = 5.0;
				TARGETED_DEVICE_FAMILY = "1,2";
				TEST_HOST = "$(BUILT_PRODUCTS_DIR)/NureSchedual.app/$(BUNDLE_EXECUTABLE_FOLDER_PATH)/NureSchedual";
			};
			name = Debug;
		};
		468D940D2D31F1A700D4B3A1 /* Release */ = {
			isa = XCBuildConfiguration;
			buildSettings = {
				BUNDLE_LOADER = "$(TEST_HOST)";
				CODE_SIGN_STYLE = Automatic;
				CURRENT_PROJECT_VERSION = 1;
				DEVELOPMENT_TEAM = 33544S287Q;
				GENERATE_INFOPLIST_FILE = YES;
				IPHONEOS_DEPLOYMENT_TARGET = 18.2;
				MARKETING_VERSION = 1.0;
				PRODUCT_BUNDLE_IDENTIFIER = "KV-corporation.NureSchedualTests";
				PRODUCT_NAME = "$(TARGET_NAME)";
				SWIFT_EMIT_LOC_STRINGS = NO;
				SWIFT_VERSION = 5.0;
				TARGETED_DEVICE_FAMILY = "1,2";
				TEST_HOST = "$(BUILT_PRODUCTS_DIR)/NureSchedual.app/$(BUNDLE_EXECUTABLE_FOLDER_PATH)/NureSchedual";
			};
			name = Release;
		};
		468D940F2D31F1A700D4B3A1 /* Debug */ = {
			isa = XCBuildConfiguration;
			buildSettings = {
				CODE_SIGN_STYLE = Automatic;
				CURRENT_PROJECT_VERSION = 1;
				DEVELOPMENT_TEAM = 33544S287Q;
				GENERATE_INFOPLIST_FILE = YES;
				MARKETING_VERSION = 1.0;
				PRODUCT_BUNDLE_IDENTIFIER = "KV-corporation.NureSchedualUITests";
				PRODUCT_NAME = "$(TARGET_NAME)";
				SWIFT_EMIT_LOC_STRINGS = NO;
				SWIFT_VERSION = 5.0;
				TARGETED_DEVICE_FAMILY = "1,2";
				TEST_TARGET_NAME = NureSchedual;
			};
			name = Debug;
		};
		468D94102D31F1A700D4B3A1 /* Release */ = {
			isa = XCBuildConfiguration;
			buildSettings = {
				CODE_SIGN_STYLE = Automatic;
				CURRENT_PROJECT_VERSION = 1;
				DEVELOPMENT_TEAM = 33544S287Q;
				GENERATE_INFOPLIST_FILE = YES;
				MARKETING_VERSION = 1.0;
				PRODUCT_BUNDLE_IDENTIFIER = "KV-corporation.NureSchedualUITests";
				PRODUCT_NAME = "$(TARGET_NAME)";
				SWIFT_EMIT_LOC_STRINGS = NO;
				SWIFT_VERSION = 5.0;
				TARGETED_DEVICE_FAMILY = "1,2";
				TEST_TARGET_NAME = NureSchedual;
			};
			name = Release;
		};
/* End XCBuildConfiguration section */

/* Begin XCConfigurationList section */
		468D93DF2D31F1A400D4B3A1 /* Build configuration list for PBXProject "NureSchedual" */ = {
			isa = XCConfigurationList;
			buildConfigurations = (
				468D94062D31F1A700D4B3A1 /* Debug */,
				468D94072D31F1A700D4B3A1 /* Release */,
			);
			defaultConfigurationIsVisible = 0;
			defaultConfigurationName = Release;
		};
		468D94082D31F1A700D4B3A1 /* Build configuration list for PBXNativeTarget "NureSchedual" */ = {
			isa = XCConfigurationList;
			buildConfigurations = (
				468D94092D31F1A700D4B3A1 /* Debug */,
				468D940A2D31F1A700D4B3A1 /* Release */,
			);
			defaultConfigurationIsVisible = 0;
			defaultConfigurationName = Release;
		};
		468D940B2D31F1A700D4B3A1 /* Build configuration list for PBXNativeTarget "NureSchedualTests" */ = {
			isa = XCConfigurationList;
			buildConfigurations = (
				468D940C2D31F1A700D4B3A1 /* Debug */,
				468D940D2D31F1A700D4B3A1 /* Release */,
			);
			defaultConfigurationIsVisible = 0;
			defaultConfigurationName = Release;
		};
		468D940E2D31F1A700D4B3A1 /* Build configuration list for PBXNativeTarget "NureSchedualUITests" */ = {
			isa = XCConfigurationList;
			buildConfigurations = (
				468D940F2D31F1A700D4B3A1 /* Debug */,
				468D94102D31F1A700D4B3A1 /* Release */,
			);
			defaultConfigurationIsVisible = 0;
			defaultConfigurationName = Release;
		};
/* End XCConfigurationList section */
	};
	rootObject = 468D93DC2D31F1A400D4B3A1 /* Project object */;
}
